
Microsoft Visual Studio Solution File, Format Version 12.00
# Visual Studio 15
VisualStudioVersion = 15.0.27004.2005
MinimumVisualStudioVersion = 10.0.40219.1
Project("{FAE04EC0-301F-11D3-BF4B-00C04F79EFBC}") = "Adamrmoss.PrimeFactorization", "Adamrmoss.PrimeFactorization\Adamrmoss.PrimeFactorization.csproj", "{824F1096-EF4B-402D-ADF3-36E1497FAA0E}"
EndProject
Project("{FAE04EC0-301F-11D3-BF4B-00C04F79EFBC}") = "Adamrmoss.PrimeFactorization.Specs", "Adamrmoss.PrimeFactorization.Specs\Adamrmoss.PrimeFactorization.Specs.csproj", "{2E9E5CF1-6111-4951-AEFF-1C2AB301BE30}"
EndProject
Global
	GlobalSection(SolutionConfigurationPlatforms) = preSolution
		Debug|Any CPU = Debug|Any CPU
		Release|Any CPU = Release|Any CPU
	EndGlobalSection
	GlobalSection(ProjectConfigurationPlatforms) = postSolution
		{824F1096-EF4B-402D-ADF3-36E1497FAA0E}.Debug|Any CPU.ActiveCfg = Debug|Any CPU
		{824F1096-EF4B-402D-ADF3-36E1497FAA0E}.Debug|Any CPU.Build.0 = Debug|Any CPU
		{824F1096-EF4B-402D-ADF3-36E1497FAA0E}.Release|Any CPU.ActiveCfg = Release|Any CPU
		{824F1096-EF4B-402D-ADF3-36E1497FAA0E}.Release|Any CPU.Build.0 = Release|Any CPU
		{2E9E5CF1-6111-4951-AEFF-1C2AB301BE30}.Debug|Any CPU.ActiveCfg = Debug|Any CPU
		{2E9E5CF1-6111-4951-AEFF-1C2AB301BE30}.Debug|Any CPU.Build.0 = Debug|Any CPU
		{2E9E5CF1-6111-4951-AEFF-1C2AB301BE30}.Release|Any CPU.ActiveCfg = Release|Any CPU
		{2E9E5CF1-6111-4951-AEFF-1C2AB301BE30}.Release|Any CPU.Build.0 = Release|Any CPU
	EndGlobalSection
	GlobalSection(SolutionProperties) = preSolution
		HideSolutionNode = FALSE
	EndGlobalSection
	GlobalSection(ExtensibilityGlobals) = postSolution
		SolutionGuid = {226B52C9-9AFC-4756-BBE7-59BC6C89B234}
	EndGlobalSection
EndGlobal
